{
  "name": "WebIonic",
  "version": "0.0.1",
  "lockfileVersion": 1,
  "requires": true,
  "dependencies": {
    "@angular/animations": {
      "version": "4.1.3",
      "resolved": "https://registry.npmjs.org/@angular/animations/-/animations-4.1.3.tgz",
      "integrity": "sha1-bomh4Pv9bQ6Qvk8q4ZCqxn+DpBE="
    },
    "@angular/common": {
      "version": "4.1.3",
      "resolved": "https://registry.npmjs.org/@angular/common/-/common-4.1.3.tgz",
      "integrity": "sha1-58R5HjITHPdMI5QowqZ9qrLu8Bc="
    },
    "@angular/compiler": {
      "version": "4.1.3",
      "resolved": "https://registry.npmjs.org/@angular/compiler/-/compiler-4.1.3.tgz",
      "integrity": "sha1-0t0whTsM9KVHWLSjFGMsIx+clMM="
    },
    "@angular/compiler-cli": {
      "version": "4.1.3",
      "resolved": "https://registry.npmjs.org/@angular/compiler-cli/-/compiler-cli-4.1.3.tgz",
      "integrity": "sha1-wjYv/fZXVkcUgfg5+rZ1vKwhP5Y="
    },
    "@angular/core": {
      "version": "4.1.3",
      "resolved": "https://registry.npmjs.org/@angular/core/-/core-4.1.3.tgz",
      "integrity": "sha1-KFSY64arfQtvmC+Pn0h+9hABOzU="
    },
    "@angular/forms": {
      "version": "4.1.3",
      "resolved": "https://registry.npmjs.org/@angular/forms/-/forms-4.1.3.tgz",
      "integrity": "sha1-OAq0w6+ExdHXSMKn0EFRx9yOSYI="
    },
    "@angular/http": {
      "version": "4.1.3",
      "resolved": "https://registry.npmjs.org/@angular/http/-/http-4.1.3.tgz",
      "integrity": "sha1-650cMCoBcoFfmlczENm+C964Ra4="
    },
    "@angular/platform-browser": {
      "version": "4.1.3",
      "resolved": "https://registry.npmjs.org/@angular/platform-browser/-/platform-browser-4.1.3.tgz",
      "integrity": "sha1-T6HbURndF4sxXdrlsym+4akypb0="
    },
    "@angular/platform-browser-dynamic": {
      "version": "4.1.3",
      "resolved": "https://registry.npmjs.org/@angular/platform-browser-dynamic/-/platform-browser-dynamic-4.1.3.tgz",
      "integrity": "sha1-PBP9z1kdSH9u/cHUaRPygMbYwuw="
    },
    "@ionic-native/core": {
      "version": "3.12.1",
      "resolved": "https://registry.npmjs.org/@ionic-native/core/-/core-3.12.1.tgz",
      "integrity": "sha512-cncRlkun1lwJ0kZUs7jrDbmHDvHNdveJhdsgJT7nGLavbK54UN3CdBjMcAk7zNOqlil6nXY8Nn/2B6WpUmQRNg=="
    },
    "@ionic-native/file": {
      "version": "4.1.0",
      "resolved": "https://registry.npmjs.org/@ionic-native/file/-/file-4.1.0.tgz",
      "integrity": "sha1-1Rz8T0SnuOzVpsPDd+Ner36sd4c="
    },
    "@ionic-native/file-transfer": {
      "version": "4.1.0",
      "resolved": "https://registry.npmjs.org/@ionic-native/file-transfer/-/file-transfer-4.1.0.tgz",
      "integrity": "sha1-XTVISwVrTY9oGh69c/wwbD86E/k="
    },
    "@ionic-native/splash-screen": {
      "version": "3.12.1",
      "resolved": "https://registry.npmjs.org/@ionic-native/splash-screen/-/splash-screen-3.12.1.tgz",
      "integrity": "sha512-OVYRARVf7KB8lWBthIj6HOIcfNam2OhpdKXDOo0JyOEXLDMlxrxOOlC3szTUTrA4Lu6rseDenqPvbyoS/cW+FA=="
    },
    "@ionic-native/status-bar": {
      "version": "3.12.1",
      "resolved": "https://registry.npmjs.org/@ionic-native/status-bar/-/status-bar-3.12.1.tgz",
      "integrity": "sha512-2kpSR/+Hma5tpYni0m5X+DbU4yalkIKlW8qfhnfdMuw5a6qKCoqE0UNxnJ3RxVh3OjCCYy0c99gEFMVIG2oezg=="
    },
    "@ionic/app-scripts": {
      "version": "2.0.2",
      "resolved": "https://registry.npmjs.org/@ionic/app-scripts/-/app-scripts-2.0.2.tgz",
      "integrity": "sha512-zJdJIblfE5KQMZ+LNAe0GWLkxqzORJBIT2Yd1bdQQV0553uGxGUAfUJF/gQBxKOjhh/8FMNpsxHbdWrxOfp6EQ==",
      "dev": true
    },
    "@ionic/cli-plugin-ionic-angular": {
      "version": "1.3.2",
      "resolved": "https://registry.npmjs.org/@ionic/cli-plugin-ionic-angular/-/cli-plugin-ionic-angular-1.3.2.tgz",
      "integrity": "sha512-U0uIrh32MXXzvqraeE82Obc54e7uv3Crd0NcG/IOvnpL2vtG9idPEK+ApItYjdZG63RTs//mKdRcz1wga6y+dA==",
      "dev": true,
      "dependencies": {
        "chalk": {
          "version": "2.0.1",
          "resolved": "https://registry.npmjs.org/chalk/-/chalk-2.0.1.tgz",
          "integrity": "sha512-Mp+FXEI+FrwY/XYV45b2YD3E8i3HwnEAoFcM0qlZzq/RZ9RwWitt2Y/c7cqRAz70U7hfekqx6qNYthuKFO6K0g=="
        }
      }
    },
    "@ionic/storage": {
      "version": "2.0.1",
      "resolved": "https://registry.npmjs.org/@ionic/storage/-/storage-2.0.1.tgz",
      "integrity": "sha1-uxqMJ2AH0AjXrN2kJrVgZbD9PAs="
    },
    "bootstrap": {
      "version": "4.0.0-alpha.6",
      "resolved": "https://registry.npmjs.org/bootstrap/-/bootstrap-4.0.0-alpha.6.tgz",
      "integrity": "sha1-T1TdM6wN6sOyhAe8LffsYIhpycg="
    },
    "chart.js": {
      "version": "2.9.4",
      "resolved": "https://registry.npmjs.org/chart.js/-/chart.js-2.9.4.tgz",
      "integrity": "sha512-B07aAzxcrikjAPyV+01j7BmOpxtQETxTSlQ26BEYJ+3iUkbNKaOJ/nDbT6JjyqYxseM0ON12COHYdU2cTIjC7A==",
      "requires": {
        "chartjs-color": "^2.1.0",
        "moment": "^2.10.2"
      }
    },
    "chartjs-color": {
      "version": "2.1.0",
      "resolved": "https://registry.npmjs.org/chartjs-color/-/chartjs-color-2.1.0.tgz",
      "integrity": "sha1-nDmsgwzNmJlq6AyfEQhv8SyYp1Y=",
      "dependencies": {
        "color-convert": {
          "version": "0.5.3",
          "resolved": "https://registry.npmjs.org/color-convert/-/color-convert-0.5.3.tgz",
          "integrity": "sha1-vbbGnOZg+t/+CwAHzER+G59ygr0="
        }
      }
    },
    "ionic": {
      "version": "3.6.0",
      "resolved": "https://registry.npmjs.org/ionic/-/ionic-3.6.0.tgz",
      "integrity": "sha512-SOVwp23IiSiAbEAHqxs636sEaurPxsDbgJZE86cNcqct1iBT9nHnuoBqnJMZJyTT9Pjqnc1Opzbr3/BNF2u3/w==",
      "dev": true,
      "dependencies": {
        "@ionic/cli-utils": {
          "version": "1.6.0",
          "resolved": "https://registry.npmjs.org/@ionic/cli-utils/-/cli-utils-1.6.0.tgz",
          "integrity": "sha512-SKN5ylyzXvL272cB9hkcsn4qNSjXzmnJ9OFSOxbEWszdNEYM6yFdn6wPjvQ9UCG+MrWFjhIayZGFrjrObZjGsw=="
        },
        "ansi-regex": {
          "version": "3.0.0",
          "resolved": "https://registry.npmjs.org/ansi-regex/-/ansi-regex-3.0.0.tgz",
          "integrity": "sha1-7QMXwyIGT3lGbAKWa922Bas32Zg="
        },
        "chalk": {
          "version": "2.0.1",
          "resolved": "https://registry.npmjs.org/chalk/-/chalk-2.0.1.tgz",
          "integrity": "sha512-Mp+FXEI+FrwY/XYV45b2YD3E8i3HwnEAoFcM0qlZzq/RZ9RwWitt2Y/c7cqRAz70U7hfekqx6qNYthuKFO6K0g=="
        },
        "cross-spawn": {
          "version": "4.0.2",
          "resolved": "https://registry.npmjs.org/cross-spawn/-/cross-spawn-4.0.2.tgz",
          "integrity": "sha1-e5JHYhwjrf3ThWAEqCPL45dCTUE="
        },
        "is-fullwidth-code-point": {
          "version": "2.0.0",
          "resolved": "https://registry.npmjs.org/is-fullwidth-code-point/-/is-fullwidth-code-point-2.0.0.tgz",
          "integrity": "sha1-o7MKXE8ZkYMWeqq5O+764937ZU8="
        },
        "string-width": {
          "version": "2.1.1",
          "resolved": "https://registry.npmjs.org/string-width/-/string-width-2.1.1.tgz",
          "integrity": "sha512-nOqH59deCq9SRHlxq1Aw85Jnt4w6KvLKqWVik6oA9ZklXLNIOlqg4F2yrT1MVaTjAqvVwdfeZ7w7aCvJD7ugkw=="
        },
        "strip-ansi": {
          "version": "4.0.0",
          "resolved": "https://registry.npmjs.org/strip-ansi/-/strip-ansi-4.0.0.tgz",
          "integrity": "sha1-qEeQIusaw2iocTibY1JixQXuNo8="
        }
      }
    },
    "ionic-angular": {
      "version": "3.5.3",
      "resolved": "https://registry.npmjs.org/ionic-angular/-/ionic-angular-3.5.3.tgz",
      "integrity": "sha512-bURfGz0GKsmSxGGDw8LXMkz/Yt572yBTF2VMh/JLJANfiicZzMoxdDkPt0H6erHM7QpHYajsG6AP0sTV4PvjYQ=="
    },
    "ionic-tooltips": {
      "version": "1.0.0",
      "resolved": "https://registry.npmjs.org/ionic-tooltips/-/ionic-tooltips-1.0.0.tgz",
      "integrity": "sha1-9O4BR+b+amxyTptyEOQ/Vll3mRA="
    },
    "ionicons": {
      "version": "3.0.0",
      "resolved": "https://registry.npmjs.org/ionicons/-/ionicons-3.0.0.tgz",
      "integrity": "sha1-QLja9P16MRUL0AIWD2ZJbiKpjDw="
    },
    "moment": {
      "version": "2.18.1",
      "resolved": "https://registry.npmjs.org/moment/-/moment-2.18.1.tgz",
      "integrity": "sha1-w2GT3Tzhwu7SrbfIAtu8d6gbHA8="
    },
    "ng2-file-upload": {
      "version": "1.2.1",
      "resolved": "https://registry.npmjs.org/ng2-file-upload/-/ng2-file-upload-1.2.1.tgz",
      "integrity": "sha1-VWPF39b0P7++gVwgbjQ0ZKCmoZc="
    },
    "ngx-bootstrap": {
      "version": "1.8.0",
      "resolved": "https://registry.npmjs.org/ngx-bootstrap/-/ngx-bootstrap-1.8.0.tgz",
      "integrity": "sha512-y4+9cQkCAZ8C2iHfGC9PMu6tqHqDPyZN0ejz4fDwWljAUtxqXqwUgPKAnebkckdLw/EFmozgvf27ouVqhDA+CA=="
    },
    "rxjs": {
      "version": "5.4.0",
      "resolved": "https://registry.npmjs.org/rxjs/-/rxjs-5.4.0.tgz",
      "integrity": "sha1-p9sUqxV/nXqsalbmVeejhg05vyY="
    },
    "sw-toolbox": {
      "version": "3.6.0",
      "resolved": "https://registry.npmjs.org/sw-toolbox/-/sw-toolbox-3.6.0.tgz",
      "integrity": "sha1-Jt8dHHA0hljk3qKIQxkUm3sxg7U="
    },
    "typescript": {
      "version": "2.3.4",
      "resolved": "https://registry.npmjs.org/typescript/-/typescript-2.3.4.tgz",
      "integrity": "sha1-PTgyGCgjHkNPKHUUlZw3qCtin0I=",
      "dev": true
    },
    "zone.js": {
      "version": "0.8.12",
      "resolved": "https://registry.npmjs.org/zone.js/-/zone.js-0.8.12.tgz",
      "integrity": "sha1-hv9QU8mK7CkaC/S7rFAdaUoFz7s="
    }
  }
}
